
Microsoft Visual Studio Solution File, Format Version 12.00
# Visual Studio Version 17
VisualStudioVersion = 17.5.002.0
MinimumVisualStudioVersion = 10.0.40219.1
Project("{9A19103F-16F7-4668-BE54-9A1E7A4F7556}") = "ManifestCreator", "ManifestCreator.csproj", "{27661BE0-D580-465B-9DF6-B6730C4598C8}"
EndProject
Global
	GlobalSection(SolutionConfigurationPlatforms) = preSolution
		Debug|Any CPU = Debug|Any CPU
		Release|Any CPU = Release|Any CPU
	EndGlobalSection
	GlobalSection(ProjectConfigurationPlatforms) = postSolution
		{27661BE0-D580-465B-9DF6-B6730C4598C8}.Debug|Any CPU.ActiveCfg = Debug|Any CPU
		{27661BE0-D580-465B-9DF6-B6730C4598C8}.Debug|Any CPU.Build.0 = Debug|Any CPU
		{27661BE0-D580-465B-9DF6-B6730C4598C8}.Release|Any CPU.ActiveCfg = Release|Any CPU
		{27661BE0-D580-465B-9DF6-B6730C4598C8}.Release|Any CPU.Build.0 = Release|Any CPU
	EndGlobalSection
	GlobalSection(SolutionProperties) = preSolution
		HideSolutionNode = FALSE
	EndGlobalSection
	GlobalSection(ExtensibilityGlobals) = postSolution
		SolutionGuid = {5F31CB75-34D6-4625-A1CC-3F679A2690C7}
	EndGlobalSection
EndGlobal
